
Microsoft Visual Studio Solution File, Format Version 12.00
# Visual Studio Version 16
VisualStudioVersion = 16.0.29102.190
MinimumVisualStudioVersion = 10.0.40219.1
Project("{FAE04EC0-301F-11D3-BF4B-00C04F79EFBC}") = "SportsPromo.Dominio.Modelos", "SportsPromo.Dominio.Modelos\SportsPromo.Dominio.Modelos.csproj", "{5B4F9D03-7AAC-430C-9D97-7C579E0B892D}"
EndProject
Project("{FAE04EC0-301F-11D3-BF4B-00C04F79EFBC}") = "SportsPromo.Comum", "SportsPromo.Comum\SportsPromo.Comum.csproj", "{3FF22834-A106-4CAC-9853-5976C2607386}"
EndProject
Project("{FAE04EC0-301F-11D3-BF4B-00C04F79EFBC}") = "SportsPromo.Dominio.Servicos", "SportsPromo.Dominio.Servicos\SportsPromo.Dominio.Servicos.csproj", "{CDA3D0D5-6BD2-4643-898C-A113D909ADD7}"
EndProject
Project("{FAE04EC0-301F-11D3-BF4B-00C04F79EFBC}") = "SportsPromo.Dados.Repositorios", "SportsPromo.Dados.Repositorios\SportsPromo.Dados.Repositorios.csproj", "{1FD5AB6E-6696-4122-8032-AD16B952FA6A}"
EndProject
Project("{FAE04EC0-301F-11D3-BF4B-00C04F79EFBC}") = "SportsPromo.Interfaces", "SportsPromo.Interfaces\SportsPromo.Interfaces.csproj", "{0E1401DB-BF03-405C-B62A-A9FD0F601915}"
EndProject
Project("{FAE04EC0-301F-11D3-BF4B-00C04F79EFBC}") = "SportsPromo.Dependencias", "SportsPromo.Dependencias\SportsPromo.Dependencias.csproj", "{06264355-DAF2-4BFA-AEBC-ECA6A2A88115}"
EndProject
Project("{FAE04EC0-301F-11D3-BF4B-00C04F79EFBC}") = "SportsPromo.Testes", "SportsPromo.Testes\SportsPromo.Testes.csproj", "{62D93373-B614-4CED-ADD2-4ABC3F9B9E8A}"
EndProject
Project("{FAE04EC0-301F-11D3-BF4B-00C04F79EFBC}") = "SportsPromo.Dados", "SportsPromo.Dados\SportsPromo.Dados.csproj", "{41404BEA-7AC3-4941-8D58-858CE89A19E8}"
EndProject
Project("{2150E333-8FDC-42A3-9474-1A3956D46DE8}") = "DER", "DER", "{BE1E1D2D-FBFA-4935-8BBC-5684A1EF0C4F}"
	ProjectSection(SolutionItems) = preProject
		SPORTS_PROMO.mwb = SPORTS_PROMO.mwb
	EndProjectSection
EndProject
Project("{FAE04EC0-301F-11D3-BF4B-00C04F79EFBC}") = "SportsPromo.App.Core", "SportsPromo.App.Core\SportsPromo.App.Core.csproj", "{DAD6748E-3E5B-492B-9FEF-02F5F521012E}"
EndProject
Project("{FAE04EC0-301F-11D3-BF4B-00C04F79EFBC}") = "SportsPromo.App.Dependencias", "SportsPromo.App.Dependencias\SportsPromo.App.Dependencias.csproj", "{A72763D1-1D91-4699-92D3-2D1C0A11FD85}"
EndProject
Project("{FAE04EC0-301F-11D3-BF4B-00C04F79EFBC}") = "SportsPromo.App.Interfaces", "SportsPromo.App.Interfaces\SportsPromo.App.Interfaces.csproj", "{FB34689B-1100-4056-9605-532BD6EB16B5}"
EndProject
Project("{FAE04EC0-301F-11D3-BF4B-00C04F79EFBC}") = "SportsPromo.App.Modelos", "SportsPromo.App.Modelos\SportsPromo.App.Modelos.csproj", "{EF7DEF80-3C83-4DD7-9CCD-721D0C4E4C21}"
EndProject
Project("{FAE04EC0-301F-11D3-BF4B-00C04F79EFBC}") = "SportsPromo.App.Testes", "SportsPromo.App.Testes\SportsPromo.App.Testes.csproj", "{A4136DCE-DA5A-4137-B25B-5E6FEAEDBFA7}"
EndProject
Project("{FAE04EC0-301F-11D3-BF4B-00C04F79EFBC}") = "SportsPromo.App.WebSite", "SportsPromo.App.WebSite\SportsPromo.App.WebSite.csproj", "{E00C4305-FB92-44B8-B811-B8963FAD485D}"
EndProject
Project("{FAE04EC0-301F-11D3-BF4B-00C04F79EFBC}") = "SportsPromo.App.WebSiteAdm", "SportsPromo.App.WebSiteAdm\SportsPromo.App.WebSiteAdm.csproj", "{EC9E3764-1F7E-4110-888B-D8FAF27E0480}"
EndProject
Global
	GlobalSection(SolutionConfigurationPlatforms) = preSolution
		Debug|Any CPU = Debug|Any CPU
		Release|Any CPU = Release|Any CPU
	EndGlobalSection
	GlobalSection(ProjectConfigurationPlatforms) = postSolution
		{5B4F9D03-7AAC-430C-9D97-7C579E0B892D}.Debug|Any CPU.ActiveCfg = Debug|Any CPU
		{5B4F9D03-7AAC-430C-9D97-7C579E0B892D}.Debug|Any CPU.Build.0 = Debug|Any CPU
		{5B4F9D03-7AAC-430C-9D97-7C579E0B892D}.Release|Any CPU.ActiveCfg = Release|Any CPU
		{5B4F9D03-7AAC-430C-9D97-7C579E0B892D}.Release|Any CPU.Build.0 = Release|Any CPU
		{3FF22834-A106-4CAC-9853-5976C2607386}.Debug|Any CPU.ActiveCfg = Debug|Any CPU
		{3FF22834-A106-4CAC-9853-5976C2607386}.Debug|Any CPU.Build.0 = Debug|Any CPU
		{3FF22834-A106-4CAC-9853-5976C2607386}.Release|Any CPU.ActiveCfg = Release|Any CPU
		{3FF22834-A106-4CAC-9853-5976C2607386}.Release|Any CPU.Build.0 = Release|Any CPU
		{CDA3D0D5-6BD2-4643-898C-A113D909ADD7}.Debug|Any CPU.ActiveCfg = Debug|Any CPU
		{CDA3D0D5-6BD2-4643-898C-A113D909ADD7}.Debug|Any CPU.Build.0 = Debug|Any CPU
		{CDA3D0D5-6BD2-4643-898C-A113D909ADD7}.Release|Any CPU.ActiveCfg = Release|Any CPU
		{CDA3D0D5-6BD2-4643-898C-A113D909ADD7}.Release|Any CPU.Build.0 = Release|Any CPU
		{1FD5AB6E-6696-4122-8032-AD16B952FA6A}.Debug|Any CPU.ActiveCfg = Debug|Any CPU
		{1FD5AB6E-6696-4122-8032-AD16B952FA6A}.Debug|Any CPU.Build.0 = Debug|Any CPU
		{1FD5AB6E-6696-4122-8032-AD16B952FA6A}.Release|Any CPU.ActiveCfg = Release|Any CPU
		{1FD5AB6E-6696-4122-8032-AD16B952FA6A}.Release|Any CPU.Build.0 = Release|Any CPU
		{0E1401DB-BF03-405C-B62A-A9FD0F601915}.Debug|Any CPU.ActiveCfg = Debug|Any CPU
		{0E1401DB-BF03-405C-B62A-A9FD0F601915}.Debug|Any CPU.Build.0 = Debug|Any CPU
		{0E1401DB-BF03-405C-B62A-A9FD0F601915}.Release|Any CPU.ActiveCfg = Release|Any CPU
		{0E1401DB-BF03-405C-B62A-A9FD0F601915}.Release|Any CPU.Build.0 = Release|Any CPU
		{06264355-DAF2-4BFA-AEBC-ECA6A2A88115}.Debug|Any CPU.ActiveCfg = Debug|Any CPU
		{06264355-DAF2-4BFA-AEBC-ECA6A2A88115}.Debug|Any CPU.Build.0 = Debug|Any CPU
		{06264355-DAF2-4BFA-AEBC-ECA6A2A88115}.Release|Any CPU.ActiveCfg = Release|Any CPU
		{06264355-DAF2-4BFA-AEBC-ECA6A2A88115}.Release|Any CPU.Build.0 = Release|Any CPU
		{62D93373-B614-4CED-ADD2-4ABC3F9B9E8A}.Debug|Any CPU.ActiveCfg = Debug|Any CPU
		{62D93373-B614-4CED-ADD2-4ABC3F9B9E8A}.Debug|Any CPU.Build.0 = Debug|Any CPU
		{62D93373-B614-4CED-ADD2-4ABC3F9B9E8A}.Release|Any CPU.ActiveCfg = Release|Any CPU
		{62D93373-B614-4CED-ADD2-4ABC3F9B9E8A}.Release|Any CPU.Build.0 = Release|Any CPU
		{41404BEA-7AC3-4941-8D58-858CE89A19E8}.Debug|Any CPU.ActiveCfg = Debug|Any CPU
		{41404BEA-7AC3-4941-8D58-858CE89A19E8}.Debug|Any CPU.Build.0 = Debug|Any CPU
		{41404BEA-7AC3-4941-8D58-858CE89A19E8}.Release|Any CPU.ActiveCfg = Release|Any CPU
		{41404BEA-7AC3-4941-8D58-858CE89A19E8}.Release|Any CPU.Build.0 = Release|Any CPU
		{DAD6748E-3E5B-492B-9FEF-02F5F521012E}.Debug|Any CPU.ActiveCfg = Debug|Any CPU
		{DAD6748E-3E5B-492B-9FEF-02F5F521012E}.Debug|Any CPU.Build.0 = Debug|Any CPU
		{DAD6748E-3E5B-492B-9FEF-02F5F521012E}.Release|Any CPU.ActiveCfg = Release|Any CPU
		{DAD6748E-3E5B-492B-9FEF-02F5F521012E}.Release|Any CPU.Build.0 = Release|Any CPU
		{A72763D1-1D91-4699-92D3-2D1C0A11FD85}.Debug|Any CPU.ActiveCfg = Debug|Any CPU
		{A72763D1-1D91-4699-92D3-2D1C0A11FD85}.Debug|Any CPU.Build.0 = Debug|Any CPU
		{A72763D1-1D91-4699-92D3-2D1C0A11FD85}.Release|Any CPU.ActiveCfg = Release|Any CPU
		{A72763D1-1D91-4699-92D3-2D1C0A11FD85}.Release|Any CPU.Build.0 = Release|Any CPU
		{FB34689B-1100-4056-9605-532BD6EB16B5}.Debug|Any CPU.ActiveCfg = Debug|Any CPU
		{FB34689B-1100-4056-9605-532BD6EB16B5}.Debug|Any CPU.Build.0 = Debug|Any CPU
		{FB34689B-1100-4056-9605-532BD6EB16B5}.Release|Any CPU.ActiveCfg = Release|Any CPU
		{FB34689B-1100-4056-9605-532BD6EB16B5}.Release|Any CPU.Build.0 = Release|Any CPU
		{EF7DEF80-3C83-4DD7-9CCD-721D0C4E4C21}.Debug|Any CPU.ActiveCfg = Debug|Any CPU
		{EF7DEF80-3C83-4DD7-9CCD-721D0C4E4C21}.Debug|Any CPU.Build.0 = Debug|Any CPU
		{EF7DEF80-3C83-4DD7-9CCD-721D0C4E4C21}.Release|Any CPU.ActiveCfg = Release|Any CPU
		{EF7DEF80-3C83-4DD7-9CCD-721D0C4E4C21}.Release|Any CPU.Build.0 = Release|Any CPU
		{A4136DCE-DA5A-4137-B25B-5E6FEAEDBFA7}.Debug|Any CPU.ActiveCfg = Debug|Any CPU
		{A4136DCE-DA5A-4137-B25B-5E6FEAEDBFA7}.Debug|Any CPU.Build.0 = Debug|Any CPU
		{A4136DCE-DA5A-4137-B25B-5E6FEAEDBFA7}.Release|Any CPU.ActiveCfg = Release|Any CPU
		{A4136DCE-DA5A-4137-B25B-5E6FEAEDBFA7}.Release|Any CPU.Build.0 = Release|Any CPU
		{E00C4305-FB92-44B8-B811-B8963FAD485D}.Debug|Any CPU.ActiveCfg = Debug|Any CPU
		{E00C4305-FB92-44B8-B811-B8963FAD485D}.Debug|Any CPU.Build.0 = Debug|Any CPU
		{E00C4305-FB92-44B8-B811-B8963FAD485D}.Release|Any CPU.ActiveCfg = Release|Any CPU
		{E00C4305-FB92-44B8-B811-B8963FAD485D}.Release|Any CPU.Build.0 = Release|Any CPU
		{EC9E3764-1F7E-4110-888B-D8FAF27E0480}.Debug|Any CPU.ActiveCfg = Debug|Any CPU
		{EC9E3764-1F7E-4110-888B-D8FAF27E0480}.Debug|Any CPU.Build.0 = Debug|Any CPU
		{EC9E3764-1F7E-4110-888B-D8FAF27E0480}.Release|Any CPU.ActiveCfg = Release|Any CPU
		{EC9E3764-1F7E-4110-888B-D8FAF27E0480}.Release|Any CPU.Build.0 = Release|Any CPU
	EndGlobalSection
	GlobalSection(SolutionProperties) = preSolution
		HideSolutionNode = FALSE
	EndGlobalSection
	GlobalSection(ExtensibilityGlobals) = postSolution
		SolutionGuid = {48120EAF-2E20-45F4-9E6E-FE66653038B1}
	EndGlobalSection
EndGlobal
